Microsoft Visual Studio Solution File, Format Version 12.00
# Visual Studio Version 17
VisualStudioVersion = 17.5.2.0
MinimumVisualStudioVersion = 10.0.40219.1
Project("{FAE04EC0-301F-11D3-BF4B-00C04F79EFBC}") = "DemoMicroservice", "DemoMicroservice.csproj", "{EB65FED8-437B-7B23-FC13-C25DC46A9100}"
EndProject
Global
	GlobalSection(SolutionConfigurationPlatforms) = preSolution
		Debug|Any CPU = Debug|Any CPU
		Release|Any CPU = Release|Any CPU
	EndGlobalSection
	GlobalSection(ProjectConfigurationPlatforms) = postSolution
		{EB65FED8-437B-7B23-FC13-C25DC46A9100}.Debug|Any CPU.ActiveCfg = Debug|Any CPU
		{EB65FED8-437B-7B23-FC13-C25DC46A9100}.Debug|Any CPU.Build.0 = Debug|Any CPU
		{EB65FED8-437B-7B23-FC13-C25DC46A9100}.Release|Any CPU.ActiveCfg = Release|Any CPU
		{EB65FED8-437B-7B23-FC13-C25DC46A9100}.Release|Any CPU.Build.0 = Release|Any CPU
	EndGlobalSection
	GlobalSection(SolutionProperties) = preSolution
		HideSolutionNode = FALSE
	EndGlobalSection
	GlobalSection(ExtensibilityGlobals) = postSolution
		SolutionGuid = {C58FA86E-B56A-4FF2-9DC2-7D88265F7C15}
	EndGlobalSection
EndGlobal
