
Microsoft Visual Studio Solution File, Format Version 12.00
# Visual Studio Version 17
VisualStudioVersion = 17.11.35222.181
MinimumVisualStudioVersion = 10.0.40219.1
Project("{FAE04EC0-301F-11D3-BF4B-00C04F79EFBC}") = "ProductAPI", "ProductAPI\ProductAPI.csproj", "{ACC93BA9-B732-4B36-92B9-9F8BEC861B51}"
EndProject
Project("{E53339B2-1760-4266-BCC7-CA923CBCF16C}") = "docker-compose", "docker-compose.dcproj", "{0172D53F-5975-4F63-ABE6-44020C5FB7C2}"
EndProject
Global
	GlobalSection(SolutionConfigurationPlatforms) = preSolution
		Debug|Any CPU = Debug|Any CPU
		Release|Any CPU = Release|Any CPU
	EndGlobalSection
	GlobalSection(ProjectConfigurationPlatforms) = postSolution
		{ACC93BA9-B732-4B36-92B9-9F8BEC861B51}.Debug|Any CPU.ActiveCfg = Debug|Any CPU
		{ACC93BA9-B732-4B36-92B9-9F8BEC861B51}.Debug|Any CPU.Build.0 = Debug|Any CPU
		{ACC93BA9-B732-4B36-92B9-9F8BEC861B51}.Release|Any CPU.ActiveCfg = Release|Any CPU
		{ACC93BA9-B732-4B36-92B9-9F8BEC861B51}.Release|Any CPU.Build.0 = Release|Any CPU
		{0172D53F-5975-4F63-ABE6-44020C5FB7C2}.Debug|Any CPU.ActiveCfg = Debug|Any CPU
		{0172D53F-5975-4F63-ABE6-44020C5FB7C2}.Debug|Any CPU.Build.0 = Debug|Any CPU
		{0172D53F-5975-4F63-ABE6-44020C5FB7C2}.Release|Any CPU.ActiveCfg = Release|Any CPU
		{0172D53F-5975-4F63-ABE6-44020C5FB7C2}.Release|Any CPU.Build.0 = Release|Any CPU
	EndGlobalSection
	GlobalSection(SolutionProperties) = preSolution
		HideSolutionNode = FALSE
	EndGlobalSection
	GlobalSection(ExtensibilityGlobals) = postSolution
		SolutionGuid = {E1B454AA-D366-425C-A185-592C76D87260}
	EndGlobalSection
EndGlobal
