
Microsoft Visual Studio Solution File, Format Version 12.00
# Visual Studio Version 17
VisualStudioVersion = 17.11.35222.181
MinimumVisualStudioVersion = 10.0.40219.1
Project("{9A19103F-16F7-4668-BE54-9A1E7A4F7556}") = "EFCoreSqlServer", "EFCoreSqlServer\EFCoreSqlServer.csproj", "{11E09319-C162-4926-A598-AB1E50C26EE7}"
EndProject
Project("{E53339B2-1760-4266-BCC7-CA923CBCF16C}") = "docker-compose", "docker-compose.dcproj", "{E1577C63-0E4F-45A3-9CA6-0BDC721DD5CC}"
EndProject
Global
	GlobalSection(SolutionConfigurationPlatforms) = preSolution
		Debug|Any CPU = Debug|Any CPU
		Release|Any CPU = Release|Any CPU
	EndGlobalSection
	GlobalSection(ProjectConfigurationPlatforms) = postSolution
		{11E09319-C162-4926-A598-AB1E50C26EE7}.Debug|Any CPU.ActiveCfg = Debug|Any CPU
		{11E09319-C162-4926-A598-AB1E50C26EE7}.Debug|Any CPU.Build.0 = Debug|Any CPU
		{11E09319-C162-4926-A598-AB1E50C26EE7}.Release|Any CPU.ActiveCfg = Release|Any CPU
		{11E09319-C162-4926-A598-AB1E50C26EE7}.Release|Any CPU.Build.0 = Release|Any CPU
		{E1577C63-0E4F-45A3-9CA6-0BDC721DD5CC}.Debug|Any CPU.ActiveCfg = Debug|Any CPU
		{E1577C63-0E4F-45A3-9CA6-0BDC721DD5CC}.Debug|Any CPU.Build.0 = Debug|Any CPU
		{E1577C63-0E4F-45A3-9CA6-0BDC721DD5CC}.Release|Any CPU.ActiveCfg = Release|Any CPU
		{E1577C63-0E4F-45A3-9CA6-0BDC721DD5CC}.Release|Any CPU.Build.0 = Release|Any CPU
	EndGlobalSection
	GlobalSection(SolutionProperties) = preSolution
		HideSolutionNode = FALSE
	EndGlobalSection
	GlobalSection(ExtensibilityGlobals) = postSolution
		SolutionGuid = {8D265B5C-A27E-4C7D-88DF-94A5E01F6DA2}
	EndGlobalSection
EndGlobal
